{
  "requires": true,
  "lockfileVersion": 1,
  "dependencies": {
    "@micro-zoe/micro-app": {
      "version": "0.8.8",
      "resolved": "https://registry.npmmirror.com/@micro-zoe/micro-app/-/micro-app-0.8.8.tgz",
      "integrity": "sha512-nT3DEOaZfNCqiBGoqktrJDxnAFUgOjyng+mn97jK3p9TZg1ao0LaXWwE2cuc63ZAPivjBiRE/BodIcn7DLnVBQ=="
    }
  }
}
